{
  "name": "Software",
  "version": "0.3.27",
  "lockfileVersion": 1,
  "requires": true,
  "dependencies": {
    "applescript": {
      "version": "1.0.0",
      "resolved": "https://registry.npmjs.org/applescript/-/applescript-1.0.0.tgz",
      "integrity": "sha1-u4evVoytA0pOSMS9r2Bno6JwExc="
    },
    "axios": {
      "version": "0.17.1",
      "resolved": "https://registry.npmjs.org/axios/-/axios-0.17.1.tgz",
      "integrity": "sha1-LY4+XQvb1zJ/kbyBT1xXZg+Bgk0=",
      "requires": {
        "follow-redirects": "^1.2.5",
        "is-buffer": "^1.1.5"
      }
    },
    "crypto": {
      "version": "1.0.1",
      "resolved": "https://registry.npmjs.org/crypto/-/crypto-1.0.1.tgz",
      "integrity": "sha512-VxBKmeNcqQdiUQUW2Tzq0t377b54N2bMtXO/qiLa+6eRRmmC4qT3D4OnTGoT/U6O9aklQ/jTwbOtRMTTY8G0Ig=="
    },
    "debug": {
      "version": "3.1.0",
      "resolved": "https://registry.npmjs.org/debug/-/debug-3.1.0.tgz",
      "integrity": "sha512-OX8XqP7/1a9cqkxYw2yXss15f26NKWBpDXQd0/uK/KPqdQhxbPa994hnzjcE2VqQpDslf55723cKPUOGSmMY3g==",
      "requires": {
        "ms": "2.0.0"
      }
    },
    "follow-redirects": {
      "version": "1.4.1",
      "resolved": "https://registry.npmjs.org/follow-redirects/-/follow-redirects-1.4.1.tgz",
      "integrity": "sha512-uxYePVPogtya1ktGnAAXOacnbIuRMB4dkvqeNz2qTtTQsuzSfbDolV+wMMKxAmCx0bLgAKLbBOkjItMbbkR1vg==",
      "requires": {
        "debug": "^3.1.0"
      }
    },
    "is-buffer": {
      "version": "1.1.6",
      "resolved": "https://registry.npmjs.org/is-buffer/-/is-buffer-1.1.6.tgz",
      "integrity": "sha512-NcdALwpXkTm5Zvvbk7owOUSvVvBKDgKP5/ewfXEznmQFfs4ZRmanOeKBTjRVjka3QFoN6XJ+9F3USqfHqTaU5w=="
    },
    "itunes-node-applescript": {
      "version": "0.3.5",
      "resolved": "https://registry.npmjs.org/itunes-node-applescript/-/itunes-node-applescript-0.3.5.tgz",
      "integrity": "sha512-kGp6mB1C4pxGAvktKKOCr7nvw01J+i8xnV7Hcq/6CaYGGEpK06oQcNaCmVxPMtc7ESoahUycKPvHl+iXhLNodw==",
      "requires": {
        "applescript": "1.0.0"
      }
    },
    "jquery": {
      "version": "3.3.1",
      "resolved": "https://registry.npmjs.org/jquery/-/jquery-3.3.1.tgz",
      "integrity": "sha512-Ubldcmxp5np52/ENotGxlLe6aGMvmF4R8S6tZjsP6Knsaxd/xp3Zrh50cG93lR6nPXyUFwzN3ZSOQI0wRJNdGg=="
    },
    "ms": {
      "version": "2.0.0",
      "resolved": "https://registry.npmjs.org/ms/-/ms-2.0.0.tgz",
      "integrity": "sha1-VgiurfwAvmwpAd9fmGF4jeDVl8g="
    },
    "open": {
      "version": "0.0.5",
      "resolved": "https://registry.npmjs.org/open/-/open-0.0.5.tgz",
      "integrity": "sha1-QsPhjslUZra/DcQvOilFw/DK2Pw="
    },
    "progress-bar-formatter": {
      "version": "2.0.1",
      "resolved": "https://registry.npmjs.org/progress-bar-formatter/-/progress-bar-formatter-2.0.1.tgz",
      "integrity": "sha1-DZfrsWRn4sIwg3NXIXa3w1UeVW4="
    },
    "spotify-node-applescript": {
      "version": "1.1.1",
      "resolved": "https://registry.npmjs.org/spotify-node-applescript/-/spotify-node-applescript-1.1.1.tgz",
      "integrity": "sha512-6sjOczwm2N+yOyZbLSoE/fZsWdyOUI9wOT0/GiTrmq+aGrtPIuxlqeCGeZzrYK0qHUO08vQXpleeId6hQjsgig==",
      "requires": {
        "applescript": "1.0.0"
      }
    },
    "status-bar": {
      "version": "2.0.3",
      "resolved": "https://registry.npmjs.org/status-bar/-/status-bar-2.0.3.tgz",
      "integrity": "sha1-DSaAIixFfhLeN86+FDjdScTgbhQ=",
      "requires": {
        "progress-bar-formatter": "^2.0.1"
      }
    },
    "typescript": {
      "version": "2.8.1",
      "resolved": "https://registry.npmjs.org/typescript/-/typescript-2.8.1.tgz",
      "integrity": "sha512-Ao/f6d/4EPLq0YwzsQz8iXflezpTkQzqAyenTiw4kCUGr1uPiFLC3+fZ+gMZz6eeI/qdRUqvC+HxIJzUAzEFdg==",
      "dev": true
    }
  }
}
