# THIS IS AN AUTOGENERATED FILE. DO NOT EDIT THIS FILE DIRECTLY.
# yarn lockfile v1


applescript@1.0.0:
  version "1.0.0"
  resolved "https://registry.yarnpkg.com/applescript/-/applescript-1.0.0.tgz#bb87af568cad034a4e48c4bdaf6067a3a2701317"

axios@^0.17.1:
  version "0.17.1"
  resolved "https://registry.yarnpkg.com/axios/-/axios-0.17.1.tgz#2d8e3e5d0bdbd7327f91bc814f5c57660f81824d"
  dependencies:
    follow-redirects "^1.2.5"
    is-buffer "^1.1.5"

crypto@^1.0.1:
  version "1.0.1"
  resolved "https://registry.yarnpkg.com/crypto/-/crypto-1.0.1.tgz#2af1b7cad8175d24c8a1b0778255794a21803037"

debug@^3.1.0:
  version "3.1.0"
  resolved "https://registry.yarnpkg.com/debug/-/debug-3.1.0.tgz#5bb5a0672628b64149566ba16819e61518c67261"
  dependencies:
    ms "2.0.0"

follow-redirects@^1.2.5:
  version "1.4.1"
  resolved "https://registry.yarnpkg.com/follow-redirects/-/follow-redirects-1.4.1.tgz#d8120f4518190f55aac65bb6fc7b85fcd666d6aa"
  dependencies:
    debug "^3.1.0"

is-buffer@^1.1.5:
  version "1.1.6"
  resolved "https://registry.yarnpkg.com/is-buffer/-/is-buffer-1.1.6.tgz#efaa2ea9daa0d7ab2ea13a97b2b8ad51fefbe8be"

itunes-node-applescript@0.3.5:
  version "0.3.5"
  resolved "https://registry.yarnpkg.com/itunes-node-applescript/-/itunes-node-applescript-0.3.5.tgz#87f8acbb62f5c6edba805f6be6ed42cde388d358"
  dependencies:
    applescript "1.0.0"

jquery@3.3.1:
  version "3.3.1"
  resolved "https://registry.yarnpkg.com/jquery/-/jquery-3.3.1.tgz#958ce29e81c9790f31be7792df5d4d95fc57fbca"

ms@2.0.0:
  version "2.0.0"
  resolved "https://registry.yarnpkg.com/ms/-/ms-2.0.0.tgz#5608aeadfc00be6c2901df5f9861788de0d597c8"

open@^0.0.5:
  version "0.0.5"
  resolved "https://registry.yarnpkg.com/open/-/open-0.0.5.tgz#42c3e18ec95466b6bf0dc42f3a2945c3f0cad8fc"

progress-bar-formatter@^2.0.1:
  version "2.0.1"
  resolved "https://registry.yarnpkg.com/progress-bar-formatter/-/progress-bar-formatter-2.0.1.tgz#0d97ebb16467e2c2308373572176b7c3551e556e"

spotify-node-applescript@1.1.1:
  version "1.1.1"
  resolved "https://registry.yarnpkg.com/spotify-node-applescript/-/spotify-node-applescript-1.1.1.tgz#f64ac713a807cd2b9333452abc38b0ca89287b03"
  dependencies:
    applescript "1.0.0"

status-bar@^2.0.3:
  version "2.0.3"
  resolved "https://registry.yarnpkg.com/status-bar/-/status-bar-2.0.3.tgz#0d2680222c457e12de37cebe1438dd49c4e06e14"
  dependencies:
    progress-bar-formatter "^2.0.1"

typescript@^2.7.2:
  version "2.8.1"
  resolved "https://registry.yarnpkg.com/typescript/-/typescript-2.8.1.tgz#6160e4f8f195d5ba81d4876f9c0cc1fbc0820624"
