# THIS IS AN AUTOGENERATED FILE. DO NOT EDIT THIS FILE DIRECTLY.
# yarn lockfile v1


applescript@1.0.0:
  version "1.0.0"
  resolved "https://registry.yarnpkg.com/applescript/-/applescript-1.0.0.tgz#bb87af568cad034a4e48c4bdaf6067a3a2701317"

axios@^0.19.0:
  version "0.19.2"
  resolved "https://registry.yarnpkg.com/axios/-/axios-0.19.2.tgz#3ea36c5d8818d0d5f8a8a97a6d36b86cdc00cb27"
  integrity sha512-fjgm5MvRHLhx+osE2xoekY70AhARk3a6hkN+3Io1jc00jtquGvxYlKlsFUhmUET0V5te6CcZI7lcv2Ym61mjHA==
  dependencies:
    follow-redirects "1.5.10"

cody-music@2.6.61:
  version "2.6.61"
  resolved "https://registry.yarnpkg.com/cody-music/-/cody-music-2.6.61.tgz#ea8cef1ec1581e8db28aa0bc247bcaf16f46456b"
  integrity sha512-GbFq4/tMyUCcolubaLQJkImhCX3FXX5Kr/RhNFvfbVV1XMIAAWZGLuffJNsdFSuVDHvY4KDvpICo4MnQztIk9A==
  dependencies:
    axios "^0.19.0"

crypto@^1.0.1:
  version "1.0.1"
  resolved "https://registry.yarnpkg.com/crypto/-/crypto-1.0.1.tgz#2af1b7cad8175d24c8a1b0778255794a21803037"

debug@=3.1.0:
  version "3.1.0"
  resolved "https://registry.yarnpkg.com/debug/-/debug-3.1.0.tgz#5bb5a0672628b64149566ba16819e61518c67261"
  integrity sha512-OX8XqP7/1a9cqkxYw2yXss15f26NKWBpDXQd0/uK/KPqdQhxbPa994hnzjcE2VqQpDslf55723cKPUOGSmMY3g==
  dependencies:
    ms "2.0.0"

follow-redirects@1.5.10:
  version "1.5.10"
  resolved "https://registry.yarnpkg.com/follow-redirects/-/follow-redirects-1.5.10.tgz#7b7a9f9aea2fdff36786a94ff643ed07f4ff5e2a"
  integrity sha512-0V5l4Cizzvqt5D44aTXbFZz+FtyXV1vrDN6qrelxtfYQKW0KO0W2T/hkE8xvGa/540LkZlkaUjO4ailYTFtHVQ==
  dependencies:
    debug "=3.1.0"

font-awesome@^4.7.0:
  version "4.7.0"
  resolved "https://registry.yarnpkg.com/font-awesome/-/font-awesome-4.7.0.tgz#8fa8cf0411a1a31afd07b06d2902bb9fc815a133"
  integrity sha1-j6jPBBGhoxr9B7BtKQK7n8gVoTM=

is-wsl@^1.1.0:
  version "1.1.0"
  resolved "https://registry.yarnpkg.com/is-wsl/-/is-wsl-1.1.0.tgz#1f16e4aa22b04d1336b66188a66af3c600c3a66d"
  integrity sha1-HxbkqiKwTRM2tmGIpmrzxgDDpm0=

itunes-node-applescript@0.3.5:
  version "0.3.5"
  resolved "https://registry.yarnpkg.com/itunes-node-applescript/-/itunes-node-applescript-0.3.5.tgz#87f8acbb62f5c6edba805f6be6ed42cde388d358"
  dependencies:
    applescript "1.0.0"

jquery@3.4.1:
  version "3.4.1"
  resolved "https://registry.yarnpkg.com/jquery/-/jquery-3.4.1.tgz#714f1f8d9dde4bdfa55764ba37ef214630d80ef2"
  integrity sha512-36+AdBzCL+y6qjw5Tx7HgzeGCzC81MDDgaUP8ld2zhx58HdqXGoBd+tHdrBMiyjGQs0Hxs/MLZTu/eHNJJuWPw==

lodash@^4.17.15:
  version "4.17.15"
  resolved "https://registry.yarnpkg.com/lodash/-/lodash-4.17.15.tgz#b447f6670a0455bbfeedd11392eff330ea097548"
  integrity sha512-8xOcRHvCjnocdS5cpwXQXVzmmh5e5+saE2QGoeQmbKmRS6J3VQppPOIt0MnmE+4xlZoumy0GPG0D0MVIQbNA1A==

moment-timezone@^0.5.25:
  version "0.5.27"
  resolved "https://registry.yarnpkg.com/moment-timezone/-/moment-timezone-0.5.27.tgz#73adec8139b6fe30452e78f210f27b1f346b8877"
  integrity sha512-EIKQs7h5sAsjhPCqN6ggx6cEbs94GK050254TIJySD1bzoM5JTYDwAU1IoVOeTOL6Gm27kYJ51/uuvq1kIlrbw==
  dependencies:
    moment ">= 2.9.0"

"moment@>= 2.9.0":
  version "2.24.0"
  resolved "https://registry.yarnpkg.com/moment/-/moment-2.24.0.tgz#0d055d53f5052aa653c9f6eb68bb5d12bf5c2b5b"
  integrity sha512-bV7f+6l2QigeBBZSM/6yTNq4P2fNpSWj/0e7jQcy87A8e7o2nAfP/34/2ky5Vw4B9S446EtIhodAzkFCcR4dQg==

ms@2.0.0:
  version "2.0.0"
  resolved "https://registry.yarnpkg.com/ms/-/ms-2.0.0.tgz#5608aeadfc00be6c2901df5f9861788de0d597c8"

open@6.3.0:
  version "6.3.0"
  resolved "https://registry.yarnpkg.com/open/-/open-6.3.0.tgz#60d0b845ee38fae0631f5d739a21bd40e3d2a527"
  integrity sha512-6AHdrJxPvAXIowO/aIaeHZ8CeMdDf7qCyRNq8NwJpinmCdXhz+NZR7ie1Too94lpciCDsG+qHGO9Mt0svA4OqA==
  dependencies:
    is-wsl "^1.1.0"

progress-bar-formatter@^2.0.1:
  version "2.0.1"
  resolved "https://registry.yarnpkg.com/progress-bar-formatter/-/progress-bar-formatter-2.0.1.tgz#0d97ebb16467e2c2308373572176b7c3551e556e"

spotify-node-applescript@1.1.1:
  version "1.1.1"
  resolved "https://registry.yarnpkg.com/spotify-node-applescript/-/spotify-node-applescript-1.1.1.tgz#f64ac713a807cd2b9333452abc38b0ca89287b03"
  dependencies:
    applescript "1.0.0"

status-bar@^2.0.3:
  version "2.0.3"
  resolved "https://registry.yarnpkg.com/status-bar/-/status-bar-2.0.3.tgz#0d2680222c457e12de37cebe1438dd49c4e06e14"
  dependencies:
    progress-bar-formatter "^2.0.1"

typescript@^2.7.2:
  version "2.8.1"
  resolved "https://registry.yarnpkg.com/typescript/-/typescript-2.8.1.tgz#6160e4f8f195d5ba81d4876f9c0cc1fbc0820624"

vue@^2.6.10:
  version "2.6.11"
  resolved "https://registry.yarnpkg.com/vue/-/vue-2.6.11.tgz#76594d877d4b12234406e84e35275c6d514125c5"
  integrity sha512-VfPwgcGABbGAue9+sfrD4PuwFar7gPb1yl1UK1MwXoQPAw0BKSqWfoYCT/ThFrdEVWoI51dBuyCoiNU9bZDZxQ==
